
Microsoft Visual Studio Solution File, Format Version 12.00
# Visual Studio Version 16
VisualStudioVersion = 16.0.31205.134
MinimumVisualStudioVersion = 10.0.40219.1
Project("{FAE04EC0-301F-11D3-BF4B-00C04F79EFBC}") = "MementoApp", "MementoApp\MementoApp.csproj", "{374A9B83-B92E-41D1-921D-2513C520B8FF}"
EndProject
Global
	GlobalSection(SolutionConfigurationPlatforms) = preSolution
		Debug|Any CPU = Debug|Any CPU
		Release|Any CPU = Release|Any CPU
	EndGlobalSection
	GlobalSection(ProjectConfigurationPlatforms) = postSolution
		{374A9B83-B92E-41D1-921D-2513C520B8FF}.Debug|Any CPU.ActiveCfg = Debug|Any CPU
		{374A9B83-B92E-41D1-921D-2513C520B8FF}.Debug|Any CPU.Build.0 = Debug|Any CPU
		{374A9B83-B92E-41D1-921D-2513C520B8FF}.Release|Any CPU.ActiveCfg = Release|Any CPU
		{374A9B83-B92E-41D1-921D-2513C520B8FF}.Release|Any CPU.Build.0 = Release|Any CPU
	EndGlobalSection
	GlobalSection(SolutionProperties) = preSolution
		HideSolutionNode = FALSE
	EndGlobalSection
	GlobalSection(ExtensibilityGlobals) = postSolution
		SolutionGuid = {C638FA31-5349-417F-8E21-2606F3014E3E}
	EndGlobalSection
EndGlobal
